
Microsoft Visual Studio Solution File, Format Version 11.00
# Visual Studio 2010
Project("{FAE04EC0-301F-11D3-BF4B-00C04F79EFBC}") = "Assembly-CSharp", "Assembly-CSharp.csproj", "{88b8cea9-95fd-19d1-f4da-6bf4b9f2265d}"
EndProject
Project("{FAE04EC0-301F-11D3-BF4B-00C04F79EFBC}") = "Assembly-CSharp-Editor", "Assembly-CSharp-Editor.csproj", "{81835ab2-4d53-33ce-1768-4a9a3fd406c3}"
EndProject
Global
	GlobalSection(SolutionConfigurationPlatforms) = preSolution
		Debug|Any CPU = Debug|Any CPU
	EndGlobalSection
	GlobalSection(ProjectConfigurationPlatforms) = postSolution
		{88b8cea9-95fd-19d1-f4da-6bf4b9f2265d}.Debug|Any CPU.ActiveCfg = Debug|Any CPU
		{88b8cea9-95fd-19d1-f4da-6bf4b9f2265d}.Debug|Any CPU.Build.0 = Debug|Any CPU
		{81835ab2-4d53-33ce-1768-4a9a3fd406c3}.Debug|Any CPU.ActiveCfg = Debug|Any CPU
		{81835ab2-4d53-33ce-1768-4a9a3fd406c3}.Debug|Any CPU.Build.0 = Debug|Any CPU
	EndGlobalSection
	GlobalSection(SolutionProperties) = preSolution
		HideSolutionNode = FALSE
	EndGlobalSection
EndGlobal
