
Microsoft Visual Studio Solution File, Format Version 11.00
# Visual Studio 2010
Project("{FAE04EC0-301F-11D3-BF4B-00C04F79EFBC}") = "Assembly-CSharp", "Assembly-CSharp.csproj", "{A9CEB888-FD95-D119-F4DA-6BF4B9F2265D}"
EndProject
Global
	GlobalSection(SolutionConfigurationPlatforms) = preSolution
		Debug|Any CPU = Debug|Any CPU
		Release|Any CPU = Release|Any CPU
	EndGlobalSection
	GlobalSection(ProjectConfigurationPlatforms) = postSolution
		{A9CEB888-FD95-D119-F4DA-6BF4B9F2265D}.Debug|Any CPU.ActiveCfg = Debug|Any CPU
		{A9CEB888-FD95-D119-F4DA-6BF4B9F2265D}.Debug|Any CPU.Build.0 = Debug|Any CPU
		{A9CEB888-FD95-D119-F4DA-6BF4B9F2265D}.Release|Any CPU.ActiveCfg = Release|Any CPU
		{A9CEB888-FD95-D119-F4DA-6BF4B9F2265D}.Release|Any CPU.Build.0 = Release|Any CPU
	EndGlobalSection
	GlobalSection(SolutionProperties) = preSolution
		HideSolutionNode = FALSE
	EndGlobalSection
EndGlobal
